
Microsoft Visual Studio Solution File, Format Version 12.00
# Visual Studio Version 16
VisualStudioVersion = 16.0.30011.22
MinimumVisualStudioVersion = 10.0.40219.1
Project("{FAE04EC0-301F-11D3-BF4B-00C04F79EFBC}") = "e404_mats0", "e404_mats0\e404_mats0.csproj", "{c3a50cf2-ede3-425f-81fe-406fe6c7b5a7}"
EndProject
Global
	GlobalSection(SolutionConfigurationPlatforms) = preSolution
		Debug|Any CPU = Debug|Any CPU
		Release|Any CPU = Release|Any CPU
	EndGlobalSection
	GlobalSection(ProjectConfigurationPlatforms) = postSolution
		{c3a50cf2-ede3-425f-81fe-406fe6c7b5a7}.Debug|Any CPU.ActiveCfg = Debug|Any CPU
		{c3a50cf2-ede3-425f-81fe-406fe6c7b5a7}.Debug|Any CPU.Build.0 = Debug|Any CPU
		{c3a50cf2-ede3-425f-81fe-406fe6c7b5a7}.Release|Any CPU.ActiveCfg = Release|Any CPU
		{c3a50cf2-ede3-425f-81fe-406fe6c7b5a7}.Release|Any CPU.Build.0 = Release|Any CPU
	EndGlobalSection
	GlobalSection(SolutionProperties) = preSolution
		HideSolutionNode = FALSE
	EndGlobalSection
EndGlobal
